{
  "name": "fdw-engine",
  "lockfileVersion": 3,
  "requires": true,
  "packages": {
    "": {
      "dependencies": {
        "chance": "^1.1.11",
        "gl-matrix": "^3.4.3",
        "webgpu-utils": "^0.14.3"
      }
    },
    "node_modules/chance": {
      "version": "1.1.11",
      "resolved": "https://registry.npmjs.org/chance/-/chance-1.1.11.tgz",
      "integrity": "sha512-kqTg3WWywappJPqtgrdvbA380VoXO2eu9VCV895JgbyHsaErXdyHK9LOZ911OvAk6L0obK7kDk9CGs8+oBawVA=="
    },
    "node_modules/gl-matrix": {
      "version": "3.4.3",
      "resolved": "https://registry.npmjs.org/gl-matrix/-/gl-matrix-3.4.3.tgz",
      "integrity": "sha512-wcCp8vu8FT22BnvKVPjXa/ICBWRq/zjFfdofZy1WSpQZpphblv12/bOQLBC1rMM7SGOFS9ltVmKOHil5+Ml7gA=="
    },
    "node_modules/webgpu-utils": {
      "version": "0.14.3",
      "resolved": "https://registry.npmjs.org/webgpu-utils/-/webgpu-utils-0.14.3.tgz",
      "integrity": "sha512-RXt5iZfM6dRECc+zoCSnt1VUKA+5D93DQuyaUsF9PjhxPKYKd3EraNRTjKAwtb2OUle3UhhOb7w7FAZKXw6igg=="
    }
  }
}
